
Microsoft Visual Studio Solution File, Format Version 12.00
# Visual Studio Version 17
VisualStudioVersion = 17.8.34316.72
MinimumVisualStudioVersion = 10.0.40219.1
Project("{9A19103F-16F7-4668-BE54-9A1E7A4F7556}") = "S11.ProxyDesignPattern.Sample01", "S11.ProxyDesignPattern.Sample01\S11.ProxyDesignPattern.Sample01.csproj", "{7424060D-D860-40EA-B90A-8D604EEF9C0C}"
EndProject
Global
	GlobalSection(SolutionConfigurationPlatforms) = preSolution
		Debug|Any CPU = Debug|Any CPU
		Release|Any CPU = Release|Any CPU
	EndGlobalSection
	GlobalSection(ProjectConfigurationPlatforms) = postSolution
		{7424060D-D860-40EA-B90A-8D604EEF9C0C}.Debug|Any CPU.ActiveCfg = Debug|Any CPU
		{7424060D-D860-40EA-B90A-8D604EEF9C0C}.Debug|Any CPU.Build.0 = Debug|Any CPU
		{7424060D-D860-40EA-B90A-8D604EEF9C0C}.Release|Any CPU.ActiveCfg = Release|Any CPU
		{7424060D-D860-40EA-B90A-8D604EEF9C0C}.Release|Any CPU.Build.0 = Release|Any CPU
	EndGlobalSection
	GlobalSection(SolutionProperties) = preSolution
		HideSolutionNode = FALSE
	EndGlobalSection
	GlobalSection(ExtensibilityGlobals) = postSolution
		SolutionGuid = {273EC244-6850-499A-8C11-A8D44B410747}
	EndGlobalSection
EndGlobal
